
Microsoft Visual Studio Solution File, Format Version 12.00
# Visual Studio Version 17
VisualStudioVersion = 17.13.35931.197
MinimumVisualStudioVersion = 10.0.40219.1
Project("{FAE04EC0-301F-11D3-BF4B-00C04F79EFBC}") = "BLL", "BLL\BLL.csproj", "{D4B24116-831E-4BE2-9343-DC9113A7582F}"
EndProject
Project("{FAE04EC0-301F-11D3-BF4B-00C04F79EFBC}") = "DAL", "DAL\DAL.csproj", "{1759AC9A-8CD9-4F41-B99F-6F7DB97C9454}"
EndProject
Project("{FAE04EC0-301F-11D3-BF4B-00C04F79EFBC}") = "DomainModel", "DomainModel\DomainModel.csproj", "{46E9D10D-0793-43DD-9914-6BA92DE4D639}"
EndProject
Project("{FAE04EC0-301F-11D3-BF4B-00C04F79EFBC}") = "Services", "Services (ArqBase)\Services.csproj", "{60D15F17-0770-4B6C-89FD-B8007247BD8F}"
EndProject
Project("{FAE04EC0-301F-11D3-BF4B-00C04F79EFBC}") = "UI", "UI\UI.csproj", "{BC67B791-95A8-4FA5-B010-00727263747C}"
EndProject
Project("{FAE04EC0-301F-11D3-BF4B-00C04F79EFBC}") = "WinUI", "WinUI\WinUI.csproj", "{0D5F4FCD-D57A-416E-B362-80CB5BD6FEF6}"
EndProject
Project("{FAE04EC0-301F-11D3-BF4B-00C04F79EFBC}") = "ExternalServices", "ExternalServices\ExternalServices.csproj", "{DE545C08-190C-482E-A00C-163AD49CE7B9}"
EndProject
Global
	GlobalSection(SolutionConfigurationPlatforms) = preSolution
		Debug|Any CPU = Debug|Any CPU
		Release|Any CPU = Release|Any CPU
	EndGlobalSection
	GlobalSection(ProjectConfigurationPlatforms) = postSolution
		{D4B24116-831E-4BE2-9343-DC9113A7582F}.Debug|Any CPU.ActiveCfg = Debug|Any CPU
		{D4B24116-831E-4BE2-9343-DC9113A7582F}.Debug|Any CPU.Build.0 = Debug|Any CPU
		{D4B24116-831E-4BE2-9343-DC9113A7582F}.Release|Any CPU.ActiveCfg = Release|Any CPU
		{D4B24116-831E-4BE2-9343-DC9113A7582F}.Release|Any CPU.Build.0 = Release|Any CPU
		{1759AC9A-8CD9-4F41-B99F-6F7DB97C9454}.Debug|Any CPU.ActiveCfg = Debug|Any CPU
		{1759AC9A-8CD9-4F41-B99F-6F7DB97C9454}.Debug|Any CPU.Build.0 = Debug|Any CPU
		{1759AC9A-8CD9-4F41-B99F-6F7DB97C9454}.Release|Any CPU.ActiveCfg = Release|Any CPU
		{1759AC9A-8CD9-4F41-B99F-6F7DB97C9454}.Release|Any CPU.Build.0 = Release|Any CPU
		{46E9D10D-0793-43DD-9914-6BA92DE4D639}.Debug|Any CPU.ActiveCfg = Debug|Any CPU
		{46E9D10D-0793-43DD-9914-6BA92DE4D639}.Debug|Any CPU.Build.0 = Debug|Any CPU
		{46E9D10D-0793-43DD-9914-6BA92DE4D639}.Release|Any CPU.ActiveCfg = Release|Any CPU
		{46E9D10D-0793-43DD-9914-6BA92DE4D639}.Release|Any CPU.Build.0 = Release|Any CPU
		{60D15F17-0770-4B6C-89FD-B8007247BD8F}.Debug|Any CPU.ActiveCfg = Debug|Any CPU
		{60D15F17-0770-4B6C-89FD-B8007247BD8F}.Debug|Any CPU.Build.0 = Debug|Any CPU
		{60D15F17-0770-4B6C-89FD-B8007247BD8F}.Release|Any CPU.ActiveCfg = Release|Any CPU
		{60D15F17-0770-4B6C-89FD-B8007247BD8F}.Release|Any CPU.Build.0 = Release|Any CPU
		{BC67B791-95A8-4FA5-B010-00727263747C}.Debug|Any CPU.ActiveCfg = Debug|Any CPU
		{BC67B791-95A8-4FA5-B010-00727263747C}.Debug|Any CPU.Build.0 = Debug|Any CPU
		{BC67B791-95A8-4FA5-B010-00727263747C}.Release|Any CPU.ActiveCfg = Release|Any CPU
		{BC67B791-95A8-4FA5-B010-00727263747C}.Release|Any CPU.Build.0 = Release|Any CPU
		{0D5F4FCD-D57A-416E-B362-80CB5BD6FEF6}.Debug|Any CPU.ActiveCfg = Debug|Any CPU
		{0D5F4FCD-D57A-416E-B362-80CB5BD6FEF6}.Debug|Any CPU.Build.0 = Debug|Any CPU
		{0D5F4FCD-D57A-416E-B362-80CB5BD6FEF6}.Release|Any CPU.ActiveCfg = Release|Any CPU
		{0D5F4FCD-D57A-416E-B362-80CB5BD6FEF6}.Release|Any CPU.Build.0 = Release|Any CPU
		{DE545C08-190C-482E-A00C-163AD49CE7B9}.Debug|Any CPU.ActiveCfg = Debug|Any CPU
		{DE545C08-190C-482E-A00C-163AD49CE7B9}.Debug|Any CPU.Build.0 = Debug|Any CPU
		{DE545C08-190C-482E-A00C-163AD49CE7B9}.Release|Any CPU.ActiveCfg = Release|Any CPU
		{DE545C08-190C-482E-A00C-163AD49CE7B9}.Release|Any CPU.Build.0 = Release|Any CPU
	EndGlobalSection
	GlobalSection(SolutionProperties) = preSolution
		HideSolutionNode = FALSE
	EndGlobalSection
	GlobalSection(ExtensibilityGlobals) = postSolution
		SolutionGuid = {AD40DDDE-427C-45CC-9874-870C3C5ABA00}
	EndGlobalSection
EndGlobal
